{
  "dependencies": {
    "amqplib": {
      "version": "0.5.2",
      "from": "amqplib@latest",
      "resolved": "https://registry.npmjs.org/amqplib/-/amqplib-0.5.2.tgz"
    },
    "bitsyntax": {
      "version": "0.0.4",
      "from": "bitsyntax@>=0.0.4 <0.1.0",
      "resolved": "https://registry.npmjs.org/bitsyntax/-/bitsyntax-0.0.4.tgz"
    },
    "bluebird": {
      "version": "3.5.1",
      "from": "bluebird@>=3.4.6 <4.0.0",
      "resolved": "https://registry.npmjs.org/bluebird/-/bluebird-3.5.1.tgz"
    },
    "buffer-more-ints": {
      "version": "0.0.2",
      "from": "buffer-more-ints@0.0.2",
      "resolved": "https://registry.npmjs.org/buffer-more-ints/-/buffer-more-ints-0.0.2.tgz"
    },
    "colors": {
      "version": "1.1.2",
      "from": "colors@>=0.6.0",
      "resolved": "https://registry.npmjs.org/colors/-/colors-1.1.2.tgz"
    },
    "core-util-is": {
      "version": "1.0.2",
      "from": "core-util-is@>=1.0.0 <1.1.0",
      "resolved": "https://registry.npmjs.org/core-util-is/-/core-util-is-1.0.2.tgz"
    },
    "inherits": {
      "version": "2.0.3",
      "from": "inherits@>=2.0.1 <2.1.0",
      "resolved": "https://registry.npmjs.org/inherits/-/inherits-2.0.3.tgz"
    },
    "isarray": {
      "version": "0.0.1",
      "from": "isarray@0.0.1",
      "resolved": "https://registry.npmjs.org/isarray/-/isarray-0.0.1.tgz"
    },
    "mime": {
      "version": "1.6.0",
      "from": "mime@>=1.2.9 <2.0.0",
      "resolved": "https://registry.npmjs.org/mime/-/mime-1.6.0.tgz"
    },
    "minimist": {
      "version": "0.0.10",
      "from": "minimist@>=0.0.1 <0.1.0",
      "resolved": "https://registry.npmjs.org/minimist/-/minimist-0.0.10.tgz"
    },
    "node-static": {
      "version": "0.7.10",
      "from": "node-static@latest",
      "resolved": "https://registry.npmjs.org/node-static/-/node-static-0.7.10.tgz"
    },
    "npm-debug.log": {
      "version": ""
    },
    "optimist": {
      "version": "0.6.1",
      "from": "optimist@>=0.3.4",
      "resolved": "https://registry.npmjs.org/optimist/-/optimist-0.6.1.tgz"
    },
    "readable-stream": {
      "version": "1.1.14",
      "from": "readable-stream@>=1.0.0 <2.0.0 >=1.1.9",
      "resolved": "https://registry.npmjs.org/readable-stream/-/readable-stream-1.1.14.tgz"
    },
    "safe-buffer": {
      "version": "5.1.1",
      "from": "safe-buffer@>=5.0.1 <6.0.0",
      "resolved": "https://registry.npmjs.org/safe-buffer/-/safe-buffer-5.1.1.tgz"
    },
    "string_decoder": {
      "version": "0.10.31",
      "from": "string_decoder@>=0.10.0 <0.11.0",
      "resolved": "https://registry.npmjs.org/string_decoder/-/string_decoder-0.10.31.tgz"
    },
    "webinterface": {
      "version": ""
    },
    "wordwrap": {
      "version": "0.0.3",
      "from": "wordwrap@>=0.0.2 <0.1.0",
      "resolved": "https://registry.npmjs.org/wordwrap/-/wordwrap-0.0.3.tgz"
    }
  }
}
